
Microsoft Visual Studio Solution File, Format Version 12.00
# Visual Studio Version 16
VisualStudioVersion = 16.0.30406.217
MinimumVisualStudioVersion = 10.0.40219.1
Project("{FAE04EC0-301F-11D3-BF4B-00C04F79EFBC}") = "UI", "UI\UI.csproj", "{DFE04FEF-A3F0-43A9-81BA-A2378F6C2999}"
EndProject
Project("{FAE04EC0-301F-11D3-BF4B-00C04F79EFBC}") = "DAL", "DAL\DAL.csproj", "{1A0B9A9E-C6B2-4040-AB93-BC96576EA2B2}"
EndProject
Project("{FAE04EC0-301F-11D3-BF4B-00C04F79EFBC}") = "BLL", "BLL\BLL.csproj", "{23BE1532-840E-42D0-9559-EFAAA2FF3CC7}"
EndProject
Project("{FAE04EC0-301F-11D3-BF4B-00C04F79EFBC}") = "Models", "Models\Models.csproj", "{D8B2B205-F213-4BD2-B2F9-820B2188725C}"
EndProject
Project("{FAE04EC0-301F-11D3-BF4B-00C04F79EFBC}") = "API", "API\API.csproj", "{44129F12-81D7-405B-9779-E9EA30BF8C85}"
EndProject
Project("{2150E333-8FDC-42A3-9474-1A3956D46DE8}") = "Test", "Test", "{CC7AB9A2-280B-4D7C-913C-25237A99F83E}"
EndProject
Project("{9A19103F-16F7-4668-BE54-9A1E7A4F7556}") = "TestClient", "TestClient\TestClient.csproj", "{0148FF50-C1A9-44F5-A974-2AA9BD6B0F93}"
EndProject
Project("{FAE04EC0-301F-11D3-BF4B-00C04F79EFBC}") = "TestFramenWork", "TestFramenWork\TestFramenWork.csproj", "{8F14E6DD-8786-4296-8FE8-C2BF0FE6B073}"
EndProject
Project("{2150E333-8FDC-42A3-9474-1A3956D46DE8}") = "Base", "Base", "{85B2036E-1B8C-4C9E-8901-0F642245BD1E}"
EndProject
Project("{FAE04EC0-301F-11D3-BF4B-00C04F79EFBC}") = "PLCCommunication", "PLCcommunication\PLCCommunication.csproj", "{3CF63057-22C6-436F-842D-78AA5019E521}"
EndProject
Global
	GlobalSection(SolutionConfigurationPlatforms) = preSolution
		Debug|Any CPU = Debug|Any CPU
		Release|Any CPU = Release|Any CPU
	EndGlobalSection
	GlobalSection(ProjectConfigurationPlatforms) = postSolution
		{DFE04FEF-A3F0-43A9-81BA-A2378F6C2999}.Debug|Any CPU.ActiveCfg = Debug|Any CPU
		{DFE04FEF-A3F0-43A9-81BA-A2378F6C2999}.Debug|Any CPU.Build.0 = Debug|Any CPU
		{DFE04FEF-A3F0-43A9-81BA-A2378F6C2999}.Release|Any CPU.ActiveCfg = Release|Any CPU
		{DFE04FEF-A3F0-43A9-81BA-A2378F6C2999}.Release|Any CPU.Build.0 = Release|Any CPU
		{1A0B9A9E-C6B2-4040-AB93-BC96576EA2B2}.Debug|Any CPU.ActiveCfg = Debug|Any CPU
		{1A0B9A9E-C6B2-4040-AB93-BC96576EA2B2}.Debug|Any CPU.Build.0 = Debug|Any CPU
		{1A0B9A9E-C6B2-4040-AB93-BC96576EA2B2}.Release|Any CPU.ActiveCfg = Release|Any CPU
		{1A0B9A9E-C6B2-4040-AB93-BC96576EA2B2}.Release|Any CPU.Build.0 = Release|Any CPU
		{23BE1532-840E-42D0-9559-EFAAA2FF3CC7}.Debug|Any CPU.ActiveCfg = Debug|Any CPU
		{23BE1532-840E-42D0-9559-EFAAA2FF3CC7}.Debug|Any CPU.Build.0 = Debug|Any CPU
		{23BE1532-840E-42D0-9559-EFAAA2FF3CC7}.Release|Any CPU.ActiveCfg = Release|Any CPU
		{23BE1532-840E-42D0-9559-EFAAA2FF3CC7}.Release|Any CPU.Build.0 = Release|Any CPU
		{D8B2B205-F213-4BD2-B2F9-820B2188725C}.Debug|Any CPU.ActiveCfg = Debug|Any CPU
		{D8B2B205-F213-4BD2-B2F9-820B2188725C}.Debug|Any CPU.Build.0 = Debug|Any CPU
		{D8B2B205-F213-4BD2-B2F9-820B2188725C}.Release|Any CPU.ActiveCfg = Release|Any CPU
		{D8B2B205-F213-4BD2-B2F9-820B2188725C}.Release|Any CPU.Build.0 = Release|Any CPU
		{44129F12-81D7-405B-9779-E9EA30BF8C85}.Debug|Any CPU.ActiveCfg = Debug|Any CPU
		{44129F12-81D7-405B-9779-E9EA30BF8C85}.Debug|Any CPU.Build.0 = Debug|Any CPU
		{44129F12-81D7-405B-9779-E9EA30BF8C85}.Release|Any CPU.ActiveCfg = Release|Any CPU
		{44129F12-81D7-405B-9779-E9EA30BF8C85}.Release|Any CPU.Build.0 = Release|Any CPU
		{0148FF50-C1A9-44F5-A974-2AA9BD6B0F93}.Debug|Any CPU.ActiveCfg = Debug|Any CPU
		{0148FF50-C1A9-44F5-A974-2AA9BD6B0F93}.Debug|Any CPU.Build.0 = Debug|Any CPU
		{0148FF50-C1A9-44F5-A974-2AA9BD6B0F93}.Release|Any CPU.ActiveCfg = Release|Any CPU
		{0148FF50-C1A9-44F5-A974-2AA9BD6B0F93}.Release|Any CPU.Build.0 = Release|Any CPU
		{8F14E6DD-8786-4296-8FE8-C2BF0FE6B073}.Debug|Any CPU.ActiveCfg = Debug|Any CPU
		{8F14E6DD-8786-4296-8FE8-C2BF0FE6B073}.Debug|Any CPU.Build.0 = Debug|Any CPU
		{8F14E6DD-8786-4296-8FE8-C2BF0FE6B073}.Release|Any CPU.ActiveCfg = Release|Any CPU
		{8F14E6DD-8786-4296-8FE8-C2BF0FE6B073}.Release|Any CPU.Build.0 = Release|Any CPU
		{3CF63057-22C6-436F-842D-78AA5019E521}.Debug|Any CPU.ActiveCfg = Debug|Any CPU
		{3CF63057-22C6-436F-842D-78AA5019E521}.Debug|Any CPU.Build.0 = Debug|Any CPU
		{3CF63057-22C6-436F-842D-78AA5019E521}.Release|Any CPU.ActiveCfg = Release|Any CPU
		{3CF63057-22C6-436F-842D-78AA5019E521}.Release|Any CPU.Build.0 = Release|Any CPU
	EndGlobalSection
	GlobalSection(SolutionProperties) = preSolution
		HideSolutionNode = FALSE
	EndGlobalSection
	GlobalSection(NestedProjects) = preSolution
		{0148FF50-C1A9-44F5-A974-2AA9BD6B0F93} = {CC7AB9A2-280B-4D7C-913C-25237A99F83E}
		{8F14E6DD-8786-4296-8FE8-C2BF0FE6B073} = {CC7AB9A2-280B-4D7C-913C-25237A99F83E}
		{3CF63057-22C6-436F-842D-78AA5019E521} = {85B2036E-1B8C-4C9E-8901-0F642245BD1E}
	EndGlobalSection
	GlobalSection(ExtensibilityGlobals) = postSolution
		SolutionGuid = {3744775E-99A0-405B-B48A-65A5C5F46C23}
	EndGlobalSection
EndGlobal
